{
  "version": 4,
  "terraform_version": "1.15.2",
  "serial": 1,
  "lineage": "9d9a7403-359b-a7b8-0b15-2df166b5ceae",
  "outputs": {},
  "resources": [
    {
      "mode": "managed",
      "type": "local_file",
      "name": "first",
      "provider": "provider[\"registry.terraform.io/hashicorp/local\"]",
      "instances": [
        {
          "schema_version": 0,
          "attributes": {
            "content": "내 첫 Terraform 파일",
            "content_base64": null,
            "content_base64sha256": "2EhRnBBa4myoQXunpcHv/tigrVbgJo8qqf1PcEuKjlg=",
            "content_base64sha512": "nbF97iO70dS97UsnwHx+MChPtjhCF8CvjZhDSLt6d6v3LZ+jOslOjKmn+lmPYWvFQ+cuXOBLW5mh+WxkyyslZQ==",
            "content_md5": "bf3efdbb3cbb76332253a11012415a9d",
            "content_sha1": "9e8e4cbc5a2ef63bdd0cb088bf23e243c7bce3e2",
            "content_sha256": "d848519c105ae26ca8417ba7a5c1effed8a0ad56e0268f2aa9fd4f704b8a8e58",
            "content_sha512": "9db17dee23bbd1d4bded4b27c07c7e30284fb6384217c0af8d984348bb7a77abf72d9fa33ac94e8ca9a7fa598f616bc543e72e5ce04b5b99a1f96c64cb2b2565",
            "directory_permission": "0777",
            "file_permission": "0777",
            "filename": "./first.txt",
            "id": "9e8e4cbc5a2ef63bdd0cb088bf23e243c7bce3e2",
            "sensitive_content": null,
            "source": null
          },
          "sensitive_attributes": [
            [
              {
                "type": "get_attr",
                "value": "sensitive_content"
              }
            ]
          ],
          "identity_schema_version": 0
        }
      ]
    }
  ],
  "check_results": null
}
